
Microsoft Visual Studio Solution File, Format Version 12.00
# Visual Studio Version 16
VisualStudioVersion = 16.0.31624.102
MinimumVisualStudioVersion = 10.0.40219.1
Project("{FAE04EC0-301F-11D3-BF4B-00C04F79EFBC}") = "console app2", "console app2\console app2.csproj", "{E811D0C3-D980-437F-A1EA-4C04E7E4D50E}"
EndProject
Global
	GlobalSection(SolutionConfigurationPlatforms) = preSolution
		Debug|Any CPU = Debug|Any CPU
		Release|Any CPU = Release|Any CPU
	EndGlobalSection
	GlobalSection(ProjectConfigurationPlatforms) = postSolution
		{E811D0C3-D980-437F-A1EA-4C04E7E4D50E}.Debug|Any CPU.ActiveCfg = Debug|Any CPU
		{E811D0C3-D980-437F-A1EA-4C04E7E4D50E}.Debug|Any CPU.Build.0 = Debug|Any CPU
		{E811D0C3-D980-437F-A1EA-4C04E7E4D50E}.Release|Any CPU.ActiveCfg = Release|Any CPU
		{E811D0C3-D980-437F-A1EA-4C04E7E4D50E}.Release|Any CPU.Build.0 = Release|Any CPU
	EndGlobalSection
	GlobalSection(SolutionProperties) = preSolution
		HideSolutionNode = FALSE
	EndGlobalSection
	GlobalSection(ExtensibilityGlobals) = postSolution
		SolutionGuid = {DF348914-ACFE-4A12-9221-1D5991DCE687}
	EndGlobalSection
EndGlobal
